
Microsoft Visual Studio Solution File, Format Version 12.00
# Visual Studio Version 17
VisualStudioVersion = 17.8.34322.80
MinimumVisualStudioVersion = 10.0.40219.1
Project("{FAE04EC0-301F-11D3-BF4B-00C04F79EFBC}") = "Niveles", "Niveles.csproj", "{C4D965DB-4B0F-46E8-AEF3-10549FC45AA5}"
EndProject
Project("{FAE04EC0-301F-11D3-BF4B-00C04F79EFBC}") = "UpdaterModerno", "Updater\UpdaterModerno.csproj", "{B8D4F8A2-1234-4567-8901-123456789ABC}"
EndProject
Global
	GlobalSection(SolutionConfigurationPlatforms) = preSolution
		Debug|Any CPU = Debug|Any CPU
		Release|Any CPU = Release|Any CPU
	EndGlobalSection
	GlobalSection(ProjectConfigurationPlatforms) = postSolution
		{C4D965DB-4B0F-46E8-AEF3-10549FC45AA5}.Debug|Any CPU.ActiveCfg = Debug|Any CPU
		{C4D965DB-4B0F-46E8-AEF3-10549FC45AA5}.Debug|Any CPU.Build.0 = Debug|Any CPU
		{C4D965DB-4B0F-46E8-AEF3-10549FC45AA5}.Release|Any CPU.ActiveCfg = Release|Any CPU
		{C4D965DB-4B0F-46E8-AEF3-10549FC45AA5}.Release|Any CPU.Build.0 = Release|Any CPU
		{B8D4F8A2-1234-4567-8901-123456789ABC}.Debug|Any CPU.ActiveCfg = Debug|Any CPU
		{B8D4F8A2-1234-4567-8901-123456789ABC}.Debug|Any CPU.Build.0 = Debug|Any CPU
		{B8D4F8A2-1234-4567-8901-123456789ABC}.Release|Any CPU.ActiveCfg = Release|Any CPU
		{B8D4F8A2-1234-4567-8901-123456789ABC}.Release|Any CPU.Build.0 = Release|Any CPU
	EndGlobalSection
	GlobalSection(SolutionProperties) = preSolution
		HideSolutionNode = FALSE
	EndGlobalSection
	GlobalSection(ExtensibilityGlobals) = postSolution
		SolutionGuid = {A25D4036-869F-4149-83DF-301FCD864EF4}
	EndGlobalSection
EndGlobal
